// !$*UTF8*$!
{
	archiveVersion = 1;
	classes = {
	};
	objectVersion = 77;
	objects = {

/* Begin PBXContainerItemProxy section */
		26356DDB2E4A7FE800FEA6E7 /* PBXContainerItemProxy */ = {
			isa = PBXContainerItemProxy;
			containerPortal = 26356DC52E4A7FE400FEA6E7 /* Project object */;
			proxyType = 1;
			remoteGlobalIDString = 26356DCC2E4A7FE400FEA6E7;
			remoteInfo = LittleLemonApp;
		};
		26356DE52E4A7FE800FEA6E7 /* PBXContainerItemProxy */ = {
			isa = PBXContainerItemProxy;
			containerPortal = 26356DC52E4A7FE400FEA6E7 /* Project object */;
			proxyType = 1;
			remoteGlobalIDString = 26356DCC2E4A7FE400FEA6E7;
			remoteInfo = LittleLemonApp;
		};
/* End PBXContainerItemProxy section */

/* Begin PBXFileReference section */
		26356DCD2E4A7FE400FEA6E7 /* LittleLemonApp.app */ = {isa = PBXFileReference; explicitFileType = wrapper.application; includeInIndex = 0; path = LittleLemonApp.app; sourceTree = BUILT_PRODUCTS_DIR; };
		26356DDA2E4A7FE800FEA6E7 /* LittleLemonAppTests.xctest */ = {isa = PBXFileReference; explicitFileType = wrapper.cfbundle; includeInIndex = 0; path = LittleLemonAppTests.xctest; sourceTree = BUILT_PRODUCTS_DIR; };
		26356DE42E4A7FE800FEA6E7 /* LittleLemonAppUITests.xctest */ = {isa = PBXFileReference; explicitFileType = wrapper.cfbundle; includeInIndex = 0; path = LittleLemonAppUITests.xctest; sourceTree = BUILT_PRODUCTS_DIR; };
/* End PBXFileReference section */

/* Begin PBXFileSystemSynchronizedRootGroup section */
		26356DCF2E4A7FE400FEA6E7 /* LittleLemonApp */ = {
			isa = PBXFileSystemSynchronizedRootGroup;
			path = LittleLemonApp;
			sourceTree = "<group>";
		};
		26356DDD2E4A7FE800FEA6E7 /* LittleLemonAppTests */ = {
			isa = PBXFileSystemSynchronizedRootGroup;
			path = LittleLemonAppTests;
			sourceTree = "<group>";
		};
		26356DE72E4A7FE800FEA6E7 /* LittleLemonAppUITests */ = {
			isa = PBXFileSystemSynchronizedRootGroup;
			path = LittleLemonAppUITests;
			sourceTree = "<group>";
		};
/* End PBXFileSystemSynchronizedRootGroup section */

/* Begin PBXFrameworksBuildPhase section */
		26356DCA2E4A7FE400FEA6E7 /* Frameworks */ = {
			isa = PBXFrameworksBuildPhase;
			buildActionMask = 2147483647;
			files = (
			);
			runOnlyForDeploymentPostprocessing = 0;
		};
		26356DD72E4A7FE800FEA6E7 /* Frameworks */ = {
			isa = PBXFrameworksBuildPhase;
			buildActionMask = 2147483647;
			files = (
			);
			runOnlyForDeploymentPostprocessing = 0;
		};
		26356DE12E4A7FE800FEA6E7 /* Frameworks */ = {
			isa = PBXFrameworksBuildPhase;
			buildActionMask = 2147483647;
			files = (
			);
			runOnlyForDeploymentPostprocessing = 0;
		};
/* End PBXFrameworksBuildPhase section */

/* Begin PBXGroup section */
		26356DC42E4A7FE400FEA6E7 = {
			isa = PBXGroup;
			children = (
				26356DCF2E4A7FE400FEA6E7 /* LittleLemonApp */,
				26356DDD2E4A7FE800FEA6E7 /* LittleLemonAppTests */,
				26356DE72E4A7FE800FEA6E7 /* LittleLemonAppUITests */,
				26356DCE2E4A7FE400FEA6E7 /* Products */,
			);
			sourceTree = "<group>";
		};
		26356DCE2E4A7FE400FEA6E7 /* Products */ = {
			isa = PBXGroup;
			children = (
				26356DCD2E4A7FE400FEA6E7 /* LittleLemonApp.app */,
				26356DDA2E4A7FE800FEA6E7 /* LittleLemonAppTests.xctest */,
				26356DE42E4A7FE800FEA6E7 /* LittleLemonAppUITests.xctest */,
			);
			name = Products;
			sourceTree = "<group>";
		};
/* End PBXGroup section */

/* Begin PBXNativeTarget section */
		26356DCC2E4A7FE400FEA6E7 /* LittleLemonApp */ = {
			isa = PBXNativeTarget;
			buildConfigurationList = 26356DEE2E4A7FE800FEA6E7 /* Build configuration list for PBXNativeTarget "LittleLemonApp" */;
			buildPhases = (
				26356DC92E4A7FE400FEA6E7 /* Sources */,
				26356DCA2E4A7FE400FEA6E7 /* Frameworks */,
				26356DCB2E4A7FE400FEA6E7 /* Resources */,
			);
			buildRules = (
			);
			dependencies = (
			);
			fileSystemSynchronizedGroups = (
				26356DCF2E4A7FE400FEA6E7 /* LittleLemonApp */,
			);
			name = LittleLemonApp;
			packageProductDependencies = (
			);
			productName = LittleLemonApp;
			productReference = 26356DCD2E4A7FE400FEA6E7 /* LittleLemonApp.app */;
			productType = "com.apple.product-type.application";
		};
		26356DD92E4A7FE800FEA6E7 /* LittleLemonAppTests */ = {
			isa = PBXNativeTarget;
			buildConfigurationList = 26356DF12E4A7FE800FEA6E7 /* Build configuration list for PBXNativeTarget "LittleLemonAppTests" */;
			buildPhases = (
				26356DD62E4A7FE800FEA6E7 /* Sources */,
				26356DD72E4A7FE800FEA6E7 /* Frameworks */,
				26356DD82E4A7FE800FEA6E7 /* Resources */,
			);
			buildRules = (
			);
			dependencies = (
				26356DDC2E4A7FE800FEA6E7 /* PBXTargetDependency */,
			);
			fileSystemSynchronizedGroups = (
				26356DDD2E4A7FE800FEA6E7 /* LittleLemonAppTests */,
			);
			name = LittleLemonAppTests;
			packageProductDependencies = (
			);
			productName = LittleLemonAppTests;
			productReference = 26356DDA2E4A7FE800FEA6E7 /* LittleLemonAppTests.xctest */;
			productType = "com.apple.product-type.bundle.unit-test";
		};
		26356DE32E4A7FE800FEA6E7 /* LittleLemonAppUITests */ = {
			isa = PBXNativeTarget;
			buildConfigurationList = 26356DF42E4A7FE800FEA6E7 /* Build configuration list for PBXNativeTarget "LittleLemonAppUITests" */;
			buildPhases = (
				26356DE02E4A7FE800FEA6E7 /* Sources */,
				26356DE12E4A7FE800FEA6E7 /* Frameworks */,
				26356DE22E4A7FE800FEA6E7 /* Resources */,
			);
			buildRules = (
			);
			dependencies = (
				26356DE62E4A7FE800FEA6E7 /* PBXTargetDependency */,
			);
			fileSystemSynchronizedGroups = (
				26356DE72E4A7FE800FEA6E7 /* LittleLemonAppUITests */,
			);
			name = LittleLemonAppUITests;
			packageProductDependencies = (
			);
			productName = LittleLemonAppUITests;
			productReference = 26356DE42E4A7FE800FEA6E7 /* LittleLemonAppUITests.xctest */;
			productType = "com.apple.product-type.bundle.ui-testing";
		};
/* End PBXNativeTarget section */

/* Begin PBXProject section */
		26356DC52E4A7FE400FEA6E7 /* Project object */ = {
			isa = PBXProject;
			attributes = {
				BuildIndependentTargetsInParallel = 1;
				LastSwiftUpdateCheck = 1640;
				LastUpgradeCheck = 1640;
				TargetAttributes = {
					26356DCC2E4A7FE400FEA6E7 = {
						CreatedOnToolsVersion = 16.4;
					};
					26356DD92E4A7FE800FEA6E7 = {
						CreatedOnToolsVersion = 16.4;
						TestTargetID = 26356DCC2E4A7FE400FEA6E7;
					};
					26356DE32E4A7FE800FEA6E7 = {
						CreatedOnToolsVersion = 16.4;
						TestTargetID = 26356DCC2E4A7FE400FEA6E7;
					};
				};
			};
			buildConfigurationList = 26356DC82E4A7FE400FEA6E7 /* Build configuration list for PBXProject "LittleLemonApp" */;
			developmentRegion = en;
			hasScannedForEncodings = 0;
			knownRegions = (
				en,
				Base,
			);
			mainGroup = 26356DC42E4A7FE400FEA6E7;
			minimizedProjectReferenceProxies = 1;
			preferredProjectObjectVersion = 77;
			productRefGroup = 26356DCE2E4A7FE400FEA6E7 /* Products */;
			projectDirPath = "";
			projectRoot = "";
			targets = (
				26356DCC2E4A7FE400FEA6E7 /* LittleLemonApp */,
				26356DD92E4A7FE800FEA6E7 /* LittleLemonAppTests */,
				26356DE32E4A7FE800FEA6E7 /* LittleLemonAppUITests */,
			);
		};
/* End PBXProject section */

/* Begin PBXResourcesBuildPhase section */
		26356DCB2E4A7FE400FEA6E7 /* Resources */ = {
			isa = PBXResourcesBuildPhase;
			buildActionMask = 2147483647;
			files = (
			);
			runOnlyForDeploymentPostprocessing = 0;
		};
		26356DD82E4A7FE800FEA6E7 /* Resources */ = {
			isa = PBXResourcesBuildPhase;
			buildActionMask = 2147483647;
			files = (
			);
			runOnlyForDeploymentPostprocessing = 0;
		};
		26356DE22E4A7FE800FEA6E7 /* Resources */ = {
			isa = PBXResourcesBuildPhase;
			buildActionMask = 2147483647;
			files = (
			);
			runOnlyForDeploymentPostprocessing = 0;
		};
/* End PBXResourcesBuildPhase section */

/* Begin PBXSourcesBuildPhase section */
		26356DC92E4A7FE400FEA6E7 /* Sources */ = {
			isa = PBXSourcesBuildPhase;
			buildActionMask = 2147483647;
			files = (
			);
			runOnlyForDeploymentPostprocessing = 0;
		};
		26356DD62E4A7FE800FEA6E7 /* Sources */ = {
			isa = PBXSourcesBuildPhase;
			buildActionMask = 2147483647;
			files = (
			);
			runOnlyForDeploymentPostprocessing = 0;
		};
		26356DE02E4A7FE800FEA6E7 /* Sources */ = {
			isa = PBXSourcesBuildPhase;
			buildActionMask = 2147483647;
			files = (
			);
			runOnlyForDeploymentPostprocessing = 0;
		};
/* End PBXSourcesBuildPhase section */

/* Begin PBXTargetDependency section */
		26356DDC2E4A7FE800FEA6E7 /* PBXTargetDependency */ = {
			isa = PBXTargetDependency;
			target = 26356DCC2E4A7FE400FEA6E7 /* LittleLemonApp */;
			targetProxy = 26356DDB2E4A7FE800FEA6E7 /* PBXContainerItemProxy */;
		};
		26356DE62E4A7FE800FEA6E7 /* PBXTargetDependency */ = {
			isa = PBXTargetDependency;
			target = 26356DCC2E4A7FE400FEA6E7 /* LittleLemonApp */;
			targetProxy = 26356DE52E4A7FE800FEA6E7 /* PBXContainerItemProxy */;
		};
/* End PBXTargetDependency section */

/* Begin XCBuildConfiguration section */
		26356DEC2E4A7FE800FEA6E7 /* Debug */ = {
			isa = XCBuildConfiguration;
			buildSettings = {
				ALWAYS_SEARCH_USER_PATHS = NO;
				ASSETCATALOG_COMPILER_GENERATE_SWIFT_ASSET_SYMBOL_EXTENSIONS = YES;
				CLANG_ANALYZER_NONNULL = YES;
				CLANG_ANALYZER_NUMBER_OBJECT_CONVERSION = YES_AGGRESSIVE;
				CLANG_CXX_LANGUAGE_STANDARD = "gnu++20";
				CLANG_ENABLE_MODULES = YES;
				CLANG_ENABLE_OBJC_ARC = YES;
				CLANG_ENABLE_OBJC_WEAK = YES;
				CLANG_WARN_BLOCK_CAPTURE_AUTORELEASING = YES;
				CLANG_WARN_BOOL_CONVERSION = YES;
				CLANG_WARN_COMMA = YES;
				CLANG_WARN_CONSTANT_CONVERSION = YES;
				CLANG_WARN_DEPRECATED_OBJC_IMPLEMENTATIONS = YES;
				CLANG_WARN_DIRECT_OBJC_ISA_USAGE = YES_ERROR;
				CLANG_WARN_DOCUMENTATION_COMMENTS = YES;
				CLANG_WARN_EMPTY_BODY = YES;
				CLANG_WARN_ENUM_CONVERSION = YES;
				CLANG_WARN_INFINITE_RECURSION = YES;
				CLANG_WARN_INT_CONVERSION = YES;
				CLANG_WARN_NON_LITERAL_NULL_CONVERSION = YES;
				CLANG_WARN_OBJC_IMPLICIT_RETAIN_SELF = YES;
				CLANG_WARN_OBJC_LITERAL_CONVERSION = YES;
				CLANG_WARN_OBJC_ROOT_CLASS = YES_ERROR;
				CLANG_WARN_QUOTED_INCLUDE_IN_FRAMEWORK_HEADER = YES;
				CLANG_WARN_RANGE_LOOP_ANALYSIS = YES;
				CLANG_WARN_STRICT_PROTOTYPES = YES;
				CLANG_WARN_SUSPICIOUS_MOVE = YES;
				CLANG_WARN_UNGUARDED_AVAILABILITY = YES_AGGRESSIVE;
				CLANG_WARN_UNREACHABLE_CODE = YES;
				CLANG_WARN__DUPLICATE_METHOD_MATCH = YES;
				COPY_PHASE_STRIP = NO;
				DEBUG_INFORMATION_FORMAT = dwarf;
				DEVELOPMENT_TEAM = 6TKD6MZF6J;
				ENABLE_STRICT_OBJC_MSGSEND = YES;
				ENABLE_TESTABILITY = YES;
				ENABLE_USER_SCRIPT_SANDBOXING = YES;
				GCC_C_LANGUAGE_STANDARD = gnu17;
				GCC_DYNAMIC_NO_PIC = NO;
				GCC_NO_COMMON_BLOCKS = YES;
				GCC_OPTIMIZATION_LEVEL = 0;
				GCC_PREPROCESSOR_DEFINITIONS = (
					"DEBUG=1",
					"$(inherited)",
				);
				GCC_WARN_64_TO_32_BIT_CONVERSION = YES;
				GCC_WARN_ABOUT_RETURN_TYPE = YES_ERROR;
				GCC_WARN_UNDECLARED_SELECTOR = YES;
				GCC_WARN_UNINITIALIZED_AUTOS = YES_AGGRESSIVE;
				GCC_WARN_UNUSED_FUNCTION = YES;
				GCC_WARN_UNUSED_VARIABLE = YES;
				IPHONEOS_DEPLOYMENT_TARGET = 18.5;
				LOCALIZATION_PREFERS_STRING_CATALOGS = YES;
				MTL_ENABLE_DEBUG_INFO = INCLUDE_SOURCE;
				MTL_FAST_MATH = YES;
				ONLY_ACTIVE_ARCH = YES;
				SDKROOT = iphoneos;
				SWIFT_ACTIVE_COMPILATION_CONDITIONS = "DEBUG $(inherited)";
				SWIFT_OPTIMIZATION_LEVEL = "-Onone";
			};
			name = Debug;
		};
		26356DED2E4A7FE800FEA6E7 /* Release */ = {
			isa = XCBuildConfiguration;
			buildSettings = {
				ALWAYS_SEARCH_USER_PATHS = NO;
				ASSETCATALOG_COMPILER_GENERATE_SWIFT_ASSET_SYMBOL_EXTENSIONS = YES;
				CLANG_ANALYZER_NONNULL = YES;
				CLANG_ANALYZER_NUMBER_OBJECT_CONVERSION = YES_AGGRESSIVE;
				CLANG_CXX_LANGUAGE_STANDARD = "gnu++20";
				CLANG_ENABLE_MODULES = YES;
				CLANG_ENABLE_OBJC_ARC = YES;
				CLANG_ENABLE_OBJC_WEAK = YES;
				CLANG_WARN_BLOCK_CAPTURE_AUTORELEASING = YES;
				CLANG_WARN_BOOL_CONVERSION = YES;
				CLANG_WARN_COMMA = YES;
				CLANG_WARN_CONSTANT_CONVERSION = YES;
				CLANG_WARN_DEPRECATED_OBJC_IMPLEMENTATIONS = YES;
				CLANG_WARN_DIRECT_OBJC_ISA_USAGE = YES_ERROR;
				CLANG_WARN_DOCUMENTATION_COMMENTS = YES;
				CLANG_WARN_EMPTY_BODY = YES;
				CLANG_WARN_ENUM_CONVERSION = YES;
				CLANG_WARN_INFINITE_RECURSION = YES;
				CLANG_WARN_INT_CONVERSION = YES;
				CLANG_WARN_NON_LITERAL_NULL_CONVERSION = YES;
				CLANG_WARN_OBJC_IMPLICIT_RETAIN_SELF = YES;
				CLANG_WARN_OBJC_LITERAL_CONVERSION = YES;
				CLANG_WARN_OBJC_ROOT_CLASS = YES_ERROR;
				CLANG_WARN_QUOTED_INCLUDE_IN_FRAMEWORK_HEADER = YES;
				CLANG_WARN_RANGE_LOOP_ANALYSIS = YES;
				CLANG_WARN_STRICT_PROTOTYPES = YES;
				CLANG_WARN_SUSPICIOUS_MOVE = YES;
				CLANG_WARN_UNGUARDED_AVAILABILITY = YES_AGGRESSIVE;
				CLANG_WARN_UNREACHABLE_CODE = YES;
				CLANG_WARN__DUPLICATE_METHOD_MATCH = YES;
				COPY_PHASE_STRIP = NO;
				DEBUG_INFORMATION_FORMAT = "dwarf-with-dsym";
				DEVELOPMENT_TEAM = 6TKD6MZF6J;
				ENABLE_NS_ASSERTIONS = NO;
				ENABLE_STRICT_OBJC_MSGSEND = YES;
				ENABLE_USER_SCRIPT_SANDBOXING = YES;
				GCC_C_LANGUAGE_STANDARD = gnu17;
				GCC_NO_COMMON_BLOCKS = YES;
				GCC_WARN_64_TO_32_BIT_CONVERSION = YES;
				GCC_WARN_ABOUT_RETURN_TYPE = YES_ERROR;
				GCC_WARN_UNDECLARED_SELECTOR = YES;
				GCC_WARN_UNINITIALIZED_AUTOS = YES_AGGRESSIVE;
				GCC_WARN_UNUSED_FUNCTION = YES;
				GCC_WARN_UNUSED_VARIABLE = YES;
				IPHONEOS_DEPLOYMENT_TARGET = 18.5;
				LOCALIZATION_PREFERS_STRING_CATALOGS = YES;
				MTL_ENABLE_DEBUG_INFO = NO;
				MTL_FAST_MATH = YES;
				SDKROOT = iphoneos;
				SWIFT_COMPILATION_MODE = wholemodule;
				VALIDATE_PRODUCT = YES;
			};
			name = Release;
		};
		26356DEF2E4A7FE800FEA6E7 /* Debug */ = {
			isa = XCBuildConfiguration;
			buildSettings = {
				ASSETCATALOG_COMPILER_APPICON_NAME = AppIcon;
				ASSETCATALOG_COMPILER_GLOBAL_ACCENT_COLOR_NAME = AccentColor;
				CODE_SIGN_STYLE = Automatic;
				CURRENT_PROJECT_VERSION = 1;
				DEVELOPMENT_TEAM = 6TKD6MZF6J;
				ENABLE_PREVIEWS = YES;
				GENERATE_INFOPLIST_FILE = YES;
				INFOPLIST_KEY_UIApplicationSceneManifest_Generation = YES;
				INFOPLIST_KEY_UIApplicationSupportsIndirectInputEvents = YES;
				INFOPLIST_KEY_UILaunchScreen_Generation = YES;
				INFOPLIST_KEY_UISupportedInterfaceOrientations_iPad = "UIInterfaceOrientationPortrait UIInterfaceOrientationPortraitUpsideDown UIInterfaceOrientationLandscapeLeft UIInterfaceOrientationLandscapeRight";
				INFOPLIST_KEY_UISupportedInterfaceOrientations_iPhone = "UIInterfaceOrientationPortrait UIInterfaceOrientationLandscapeLeft UIInterfaceOrientationLandscapeRight";
				LD_RUNPATH_SEARCH_PATHS = (
					"$(inherited)",
					"@executable_path/Frameworks",
				);
				MARKETING_VERSION = 1.0;
				PRODUCT_BUNDLE_IDENTIFIER = tesser.LittleLemonApp;
				PRODUCT_NAME = "$(TARGET_NAME)";
				SWIFT_EMIT_LOC_STRINGS = YES;
				SWIFT_VERSION = 5.0;
				TARGETED_DEVICE_FAMILY = "1,2";
			};
			name = Debug;
		};
		26356DF02E4A7FE800FEA6E7 /* Release */ = {
			isa = XCBuildConfiguration;
			buildSettings = {
				ASSETCATALOG_COMPILER_APPICON_NAME = AppIcon;
				ASSETCATALOG_COMPILER_GLOBAL_ACCENT_COLOR_NAME = AccentColor;
				CODE_SIGN_STYLE = Automatic;
				CURRENT_PROJECT_VERSION = 1;
				DEVELOPMENT_TEAM = 6TKD6MZF6J;
				ENABLE_PREVIEWS = YES;
				GENERATE_INFOPLIST_FILE = YES;
				INFOPLIST_KEY_UIApplicationSceneManifest_Generation = YES;
				INFOPLIST_KEY_UIApplicationSupportsIndirectInputEvents = YES;
				INFOPLIST_KEY_UILaunchScreen_Generation = YES;
				INFOPLIST_KEY_UISupportedInterfaceOrientations_iPad = "UIInterfaceOrientationPortrait UIInterfaceOrientationPortraitUpsideDown UIInterfaceOrientationLandscapeLeft UIInterfaceOrientationLandscapeRight";
				INFOPLIST_KEY_UISupportedInterfaceOrientations_iPhone = "UIInterfaceOrientationPortrait UIInterfaceOrientationLandscapeLeft UIInterfaceOrientationLandscapeRight";
				LD_RUNPATH_SEARCH_PATHS = (
					"$(inherited)",
					"@executable_path/Frameworks",
				);
				MARKETING_VERSION = 1.0;
				PRODUCT_BUNDLE_IDENTIFIER = tesser.LittleLemonApp;
				PRODUCT_NAME = "$(TARGET_NAME)";
				SWIFT_EMIT_LOC_STRINGS = YES;
				SWIFT_VERSION = 5.0;
				TARGETED_DEVICE_FAMILY = "1,2";
			};
			name = Release;
		};
		26356DF22E4A7FE800FEA6E7 /* Debug */ = {
			isa = XCBuildConfiguration;
			buildSettings = {
				BUNDLE_LOADER = "$(TEST_HOST)";
				CODE_SIGN_STYLE = Automatic;
				CURRENT_PROJECT_VERSION = 1;
				DEVELOPMENT_TEAM = 6TKD6MZF6J;
				GENERATE_INFOPLIST_FILE = YES;
				IPHONEOS_DEPLOYMENT_TARGET = 18.5;
				MARKETING_VERSION = 1.0;
				PRODUCT_BUNDLE_IDENTIFIER = tesser.LittleLemonAppTests;
				PRODUCT_NAME = "$(TARGET_NAME)";
				SWIFT_EMIT_LOC_STRINGS = NO;
				SWIFT_VERSION = 5.0;
				TARGETED_DEVICE_FAMILY = "1,2";
				TEST_HOST = "$(BUILT_PRODUCTS_DIR)/LittleLemonApp.app/$(BUNDLE_EXECUTABLE_FOLDER_PATH)/LittleLemonApp";
			};
			name = Debug;
		};
		26356DF32E4A7FE800FEA6E7 /* Release */ = {
			isa = XCBuildConfiguration;
			buildSettings = {
				BUNDLE_LOADER = "$(TEST_HOST)";
				CODE_SIGN_STYLE = Automatic;
				CURRENT_PROJECT_VERSION = 1;
				DEVELOPMENT_TEAM = 6TKD6MZF6J;
				GENERATE_INFOPLIST_FILE = YES;
				IPHONEOS_DEPLOYMENT_TARGET = 18.5;
				MARKETING_VERSION = 1.0;
				PRODUCT_BUNDLE_IDENTIFIER = tesser.LittleLemonAppTests;
				PRODUCT_NAME = "$(TARGET_NAME)";
				SWIFT_EMIT_LOC_STRINGS = NO;
				SWIFT_VERSION = 5.0;
				TARGETED_DEVICE_FAMILY = "1,2";
				TEST_HOST = "$(BUILT_PRODUCTS_DIR)/LittleLemonApp.app/$(BUNDLE_EXECUTABLE_FOLDER_PATH)/LittleLemonApp";
			};
			name = Release;
		};
		26356DF52E4A7FE800FEA6E7 /* Debug */ = {
			isa = XCBuildConfiguration;
			buildSettings = {
				CODE_SIGN_STYLE = Automatic;
				CURRENT_PROJECT_VERSION = 1;
				DEVELOPMENT_TEAM = 6TKD6MZF6J;
				GENERATE_INFOPLIST_FILE = YES;
				MARKETING_VERSION = 1.0;
				PRODUCT_BUNDLE_IDENTIFIER = tesser.LittleLemonAppUITests;
				PRODUCT_NAME = "$(TARGET_NAME)";
				SWIFT_EMIT_LOC_STRINGS = NO;
				SWIFT_VERSION = 5.0;
				TARGETED_DEVICE_FAMILY = "1,2";
				TEST_TARGET_NAME = LittleLemonApp;
			};
			name = Debug;
		};
		26356DF62E4A7FE800FEA6E7 /* Release */ = {
			isa = XCBuildConfiguration;
			buildSettings = {
				CODE_SIGN_STYLE = Automatic;
				CURRENT_PROJECT_VERSION = 1;
				DEVELOPMENT_TEAM = 6TKD6MZF6J;
				GENERATE_INFOPLIST_FILE = YES;
				MARKETING_VERSION = 1.0;
				PRODUCT_BUNDLE_IDENTIFIER = tesser.LittleLemonAppUITests;
				PRODUCT_NAME = "$(TARGET_NAME)";
				SWIFT_EMIT_LOC_STRINGS = NO;
				SWIFT_VERSION = 5.0;
				TARGETED_DEVICE_FAMILY = "1,2";
				TEST_TARGET_NAME = LittleLemonApp;
			};
			name = Release;
		};
/* End XCBuildConfiguration section */

/* Begin XCConfigurationList section */
		26356DC82E4A7FE400FEA6E7 /* Build configuration list for PBXProject "LittleLemonApp" */ = {
			isa = XCConfigurationList;
			buildConfigurations = (
				26356DEC2E4A7FE800FEA6E7 /* Debug */,
				26356DED2E4A7FE800FEA6E7 /* Release */,
			);
			defaultConfigurationIsVisible = 0;
			defaultConfigurationName = Release;
		};
		26356DEE2E4A7FE800FEA6E7 /* Build configuration list for PBXNativeTarget "LittleLemonApp" */ = {
			isa = XCConfigurationList;
			buildConfigurations = (
				26356DEF2E4A7FE800FEA6E7 /* Debug */,
				26356DF02E4A7FE800FEA6E7 /* Release */,
			);
			defaultConfigurationIsVisible = 0;
			defaultConfigurationName = Release;
		};
		26356DF12E4A7FE800FEA6E7 /* Build configuration list for PBXNativeTarget "LittleLemonAppTests" */ = {
			isa = XCConfigurationList;
			buildConfigurations = (
				26356DF22E4A7FE800FEA6E7 /* Debug */,
				26356DF32E4A7FE800FEA6E7 /* Release */,
			);
			defaultConfigurationIsVisible = 0;
			defaultConfigurationName = Release;
		};
		26356DF42E4A7FE800FEA6E7 /* Build configuration list for PBXNativeTarget "LittleLemonAppUITests" */ = {
			isa = XCConfigurationList;
			buildConfigurations = (
				26356DF52E4A7FE800FEA6E7 /* Debug */,
				26356DF62E4A7FE800FEA6E7 /* Release */,
			);
			defaultConfigurationIsVisible = 0;
			defaultConfigurationName = Release;
		};
/* End XCConfigurationList section */
	};
	rootObject = 26356DC52E4A7FE400FEA6E7 /* Project object */;
}
